
Microsoft Visual Studio Solution File, Format Version 12.00
# Visual Studio Version 17
VisualStudioVersion = 17.0.31912.275
MinimumVisualStudioVersion = 10.0.40219.1
Project("{9A19103F-16F7-4668-BE54-9A1E7A4F7556}") = "DetectFace.Service", "src\DetectFace.Service\DetectFace.Service.csproj", "{9CFCB6F8-040B-450D-8D26-74BA5FB65BD6}"
EndProject
Project("{FAE04EC0-301F-11D3-BF4B-00C04F79EFBC}") = "DetectFace.ConsoleApp", "src\DetectFace.ConsoleApp\DetectFace.ConsoleApp.csproj", "{6537DAD5-7FA8-43B0-B466-D4D56C7938C2}"
EndProject
Global
	GlobalSection(SolutionConfigurationPlatforms) = preSolution
		Debug|Any CPU = Debug|Any CPU
		Debug|x64 = Debug|x64
		Release|Any CPU = Release|Any CPU
		Release|x64 = Release|x64
	EndGlobalSection
	GlobalSection(ProjectConfigurationPlatforms) = postSolution
		{9CFCB6F8-040B-450D-8D26-74BA5FB65BD6}.Debug|Any CPU.ActiveCfg = Debug|Any CPU
		{9CFCB6F8-040B-450D-8D26-74BA5FB65BD6}.Debug|Any CPU.Build.0 = Debug|Any CPU
		{9CFCB6F8-040B-450D-8D26-74BA5FB65BD6}.Debug|x64.ActiveCfg = Debug|x64
		{9CFCB6F8-040B-450D-8D26-74BA5FB65BD6}.Debug|x64.Build.0 = Debug|x64
		{9CFCB6F8-040B-450D-8D26-74BA5FB65BD6}.Release|Any CPU.ActiveCfg = Release|Any CPU
		{9CFCB6F8-040B-450D-8D26-74BA5FB65BD6}.Release|Any CPU.Build.0 = Release|Any CPU
		{9CFCB6F8-040B-450D-8D26-74BA5FB65BD6}.Release|x64.ActiveCfg = Release|x64
		{9CFCB6F8-040B-450D-8D26-74BA5FB65BD6}.Release|x64.Build.0 = Release|x64
		{6537DAD5-7FA8-43B0-B466-D4D56C7938C2}.Debug|Any CPU.ActiveCfg = Debug|Any CPU
		{6537DAD5-7FA8-43B0-B466-D4D56C7938C2}.Debug|Any CPU.Build.0 = Debug|Any CPU
		{6537DAD5-7FA8-43B0-B466-D4D56C7938C2}.Debug|x64.ActiveCfg = Debug|Any CPU
		{6537DAD5-7FA8-43B0-B466-D4D56C7938C2}.Debug|x64.Build.0 = Debug|Any CPU
		{6537DAD5-7FA8-43B0-B466-D4D56C7938C2}.Release|Any CPU.ActiveCfg = Release|Any CPU
		{6537DAD5-7FA8-43B0-B466-D4D56C7938C2}.Release|Any CPU.Build.0 = Release|Any CPU
		{6537DAD5-7FA8-43B0-B466-D4D56C7938C2}.Release|x64.ActiveCfg = Release|Any CPU
		{6537DAD5-7FA8-43B0-B466-D4D56C7938C2}.Release|x64.Build.0 = Release|Any CPU
	EndGlobalSection
	GlobalSection(SolutionProperties) = preSolution
		HideSolutionNode = FALSE
	EndGlobalSection
	GlobalSection(ExtensibilityGlobals) = postSolution
		SolutionGuid = {77C80971-86D2-4330-8D16-0139B6465DFA}
	EndGlobalSection
EndGlobal
